// !$*UTF8*$!
{
	archiveVersion = 1;
	classes = {
	};
	objectVersion = 56;
	objects = {

/* Begin PBXBuildFile section */
		0B1134EB2A816241008B0408 /* GamePlayView.swift in Sources */ = {isa = PBXBuildFile; fileRef = 0B1134EA2A816241008B0408 /* GamePlayView.swift */; };
		0B42CB6F2A8025580025C65E /* Murojaah_Squad_Challenge_FeatureApp.swift in Sources */ = {isa = PBXBuildFile; fileRef = 0B42CB6E2A8025580025C65E /* Murojaah_Squad_Challenge_FeatureApp.swift */; };
		0B42CB742A8025580025C65E /* Murojaah_Squad_Challenge_Feature.xcdatamodeld in Sources */ = {isa = PBXBuildFile; fileRef = 0B42CB722A8025580025C65E /* Murojaah_Squad_Challenge_Feature.xcdatamodeld */; };
		0B42CB762A8025580025C65E /* ContentView.swift in Sources */ = {isa = PBXBuildFile; fileRef = 0B42CB752A8025580025C65E /* ContentView.swift */; };
		0B42CB782A8025590025C65E /* Assets.xcassets in Resources */ = {isa = PBXBuildFile; fileRef = 0B42CB772A8025590025C65E /* Assets.xcassets */; };
		0B42CB7C2A8025590025C65E /* Preview Assets.xcassets in Resources */ = {isa = PBXBuildFile; fileRef = 0B42CB7B2A8025590025C65E /* Preview Assets.xcassets */; };
		0B42CB862A8025590025C65E /* Murojaah_Squad_Challenge_FeatureTests.swift in Sources */ = {isa = PBXBuildFile; fileRef = 0B42CB852A8025590025C65E /* Murojaah_Squad_Challenge_FeatureTests.swift */; };
		0B42CB902A8025590025C65E /* Murojaah_Squad_Challenge_FeatureUITests.swift in Sources */ = {isa = PBXBuildFile; fileRef = 0B42CB8F2A8025590025C65E /* Murojaah_Squad_Challenge_FeatureUITests.swift */; };
		0B42CB922A8025590025C65E /* Murojaah_Squad_Challenge_FeatureUITestsLaunchTests.swift in Sources */ = {isa = PBXBuildFile; fileRef = 0B42CB912A8025590025C65E /* Murojaah_Squad_Challenge_FeatureUITestsLaunchTests.swift */; };
		0B42CBA12A8027E10025C65E /* APIViewModel.swift in Sources */ = {isa = PBXBuildFile; fileRef = 0B42CBA02A8027E10025C65E /* APIViewModel.swift */; };
		0B42CBA42A8028F80025C65E /* QuranResponseModel.swift in Sources */ = {isa = PBXBuildFile; fileRef = 0B42CBA32A8028F80025C65E /* QuranResponseModel.swift */; };
		0B42CBA62A807AEF0025C65E /* MultipeerConnectionSession.swift in Sources */ = {isa = PBXBuildFile; fileRef = 0B42CBA52A807AEF0025C65E /* MultipeerConnectionSession.swift */; };
		0B42CBAC2A80965E0025C65E /* PairMultipeerConnectionView.swift in Sources */ = {isa = PBXBuildFile; fileRef = 0B42CBAB2A80965E0025C65E /* PairMultipeerConnectionView.swift */; };
		0B42CBAE2A80A8C70025C65E /* PreGameLobbyView.swift in Sources */ = {isa = PBXBuildFile; fileRef = 0B42CBAD2A80A8C70025C65E /* PreGameLobbyView.swift */; };
		0B42CBB02A80C1280025C65E /* SurahQuranDetailResponseModel.swift in Sources */ = {isa = PBXBuildFile; fileRef = 0B42CBAF2A80C1280025C65E /* SurahQuranDetailResponseModel.swift */; };
		0B46F6622A80E47F001E598B /* CoreDataManager.swift in Sources */ = {isa = PBXBuildFile; fileRef = 0B46F6612A80E47F001E598B /* CoreDataManager.swift */; };
		0B46F6662A80E9BE001E598B /* GameSessionListCoreDataViewModel.swift in Sources */ = {isa = PBXBuildFile; fileRef = 0B46F6652A80E9BE001E598B /* GameSessionListCoreDataViewModel.swift */; };
		0B46F6682A80EFF5001E598B /* RoomPlayListCoreDataViewModel.swift in Sources */ = {isa = PBXBuildFile; fileRef = 0B46F6672A80EFF5001E598B /* RoomPlayListCoreDataViewModel.swift */; };
/* End PBXBuildFile section */

/* Begin PBXContainerItemProxy section */
		0B42CB822A8025590025C65E /* PBXContainerItemProxy */ = {
			isa = PBXContainerItemProxy;
			containerPortal = 0B42CB632A8025580025C65E /* Project object */;
			proxyType = 1;
			remoteGlobalIDString = 0B42CB6A2A8025580025C65E;
			remoteInfo = "Murojaah Squad Challenge Feature";
		};
		0B42CB8C2A8025590025C65E /* PBXContainerItemProxy */ = {
			isa = PBXContainerItemProxy;
			containerPortal = 0B42CB632A8025580025C65E /* Project object */;
			proxyType = 1;
			remoteGlobalIDString = 0B42CB6A2A8025580025C65E;
			remoteInfo = "Murojaah Squad Challenge Feature";
		};
/* End PBXContainerItemProxy section */

/* Begin PBXFileReference section */
		0B1134EA2A816241008B0408 /* GamePlayView.swift */ = {isa = PBXFileReference; lastKnownFileType = sourcecode.swift; path = GamePlayView.swift; sourceTree = "<group>"; };
		0B42CB6B2A8025580025C65E /* Murojaah Squad Challenge Feature.app */ = {isa = PBXFileReference; explicitFileType = wrapper.application; includeInIndex = 0; path = "Murojaah Squad Challenge Feature.app"; sourceTree = BUILT_PRODUCTS_DIR; };
		0B42CB6E2A8025580025C65E /* Murojaah_Squad_Challenge_FeatureApp.swift */ = {isa = PBXFileReference; lastKnownFileType = sourcecode.swift; path = Murojaah_Squad_Challenge_FeatureApp.swift; sourceTree = "<group>"; };
		0B42CB732A8025580025C65E /* Murojaah_Squad_Challenge_Feature.xcdatamodel */ = {isa = PBXFileReference; lastKnownFileType = wrapper.xcdatamodel; path = Murojaah_Squad_Challenge_Feature.xcdatamodel; sourceTree = "<group>"; };
		0B42CB752A8025580025C65E /* ContentView.swift */ = {isa = PBXFileReference; lastKnownFileType = sourcecode.swift; path = ContentView.swift; sourceTree = "<group>"; };
		0B42CB772A8025590025C65E /* Assets.xcassets */ = {isa = PBXFileReference; lastKnownFileType = folder.assetcatalog; path = Assets.xcassets; sourceTree = "<group>"; };
		0B42CB792A8025590025C65E /* Murojaah_Squad_Challenge_Feature.entitlements */ = {isa = PBXFileReference; lastKnownFileType = text.plist.entitlements; path = Murojaah_Squad_Challenge_Feature.entitlements; sourceTree = "<group>"; };
		0B42CB7B2A8025590025C65E /* Preview Assets.xcassets */ = {isa = PBXFileReference; lastKnownFileType = folder.assetcatalog; path = "Preview Assets.xcassets"; sourceTree = "<group>"; };
		0B42CB812A8025590025C65E /* Murojaah Squad Challenge FeatureTests.xctest */ = {isa = PBXFileReference; explicitFileType = wrapper.cfbundle; includeInIndex = 0; path = "Murojaah Squad Challenge FeatureTests.xctest"; sourceTree = BUILT_PRODUCTS_DIR; };
		0B42CB852A8025590025C65E /* Murojaah_Squad_Challenge_FeatureTests.swift */ = {isa = PBXFileReference; lastKnownFileType = sourcecode.swift; path = Murojaah_Squad_Challenge_FeatureTests.swift; sourceTree = "<group>"; };
		0B42CB8B2A8025590025C65E /* Murojaah Squad Challenge FeatureUITests.xctest */ = {isa = PBXFileReference; explicitFileType = wrapper.cfbundle; includeInIndex = 0; path = "Murojaah Squad Challenge FeatureUITests.xctest"; sourceTree = BUILT_PRODUCTS_DIR; };
		0B42CB8F2A8025590025C65E /* Murojaah_Squad_Challenge_FeatureUITests.swift */ = {isa = PBXFileReference; lastKnownFileType = sourcecode.swift; path = Murojaah_Squad_Challenge_FeatureUITests.swift; sourceTree = "<group>"; };
		0B42CB912A8025590025C65E /* Murojaah_Squad_Challenge_FeatureUITestsLaunchTests.swift */ = {isa = PBXFileReference; lastKnownFileType = sourcecode.swift; path = Murojaah_Squad_Challenge_FeatureUITestsLaunchTests.swift; sourceTree = "<group>"; };
		0B42CBA02A8027E10025C65E /* APIViewModel.swift */ = {isa = PBXFileReference; lastKnownFileType = sourcecode.swift; path = APIViewModel.swift; sourceTree = "<group>"; };
		0B42CBA32A8028F80025C65E /* QuranResponseModel.swift */ = {isa = PBXFileReference; lastKnownFileType = sourcecode.swift; path = QuranResponseModel.swift; sourceTree = "<group>"; };
		0B42CBA52A807AEF0025C65E /* MultipeerConnectionSession.swift */ = {isa = PBXFileReference; lastKnownFileType = sourcecode.swift; path = MultipeerConnectionSession.swift; sourceTree = "<group>"; };
		0B42CBAB2A80965E0025C65E /* PairMultipeerConnectionView.swift */ = {isa = PBXFileReference; lastKnownFileType = sourcecode.swift; path = PairMultipeerConnectionView.swift; sourceTree = "<group>"; };
		0B42CBAD2A80A8C70025C65E /* PreGameLobbyView.swift */ = {isa = PBXFileReference; lastKnownFileType = sourcecode.swift; path = PreGameLobbyView.swift; sourceTree = "<group>"; wrapsLines = 0; };
		0B42CBAF2A80C1280025C65E /* SurahQuranDetailResponseModel.swift */ = {isa = PBXFileReference; lastKnownFileType = sourcecode.swift; path = SurahQuranDetailResponseModel.swift; sourceTree = "<group>"; };
		0B46F6612A80E47F001E598B /* CoreDataManager.swift */ = {isa = PBXFileReference; lastKnownFileType = sourcecode.swift; path = CoreDataManager.swift; sourceTree = "<group>"; };
		0B46F6652A80E9BE001E598B /* GameSessionListCoreDataViewModel.swift */ = {isa = PBXFileReference; lastKnownFileType = sourcecode.swift; path = GameSessionListCoreDataViewModel.swift; sourceTree = "<group>"; };
		0B46F6672A80EFF5001E598B /* RoomPlayListCoreDataViewModel.swift */ = {isa = PBXFileReference; lastKnownFileType = sourcecode.swift; path = RoomPlayListCoreDataViewModel.swift; sourceTree = "<group>"; };
/* End PBXFileReference section */

/* Begin PBXFrameworksBuildPhase section */
		0B42CB682A8025580025C65E /* Frameworks */ = {
			isa = PBXFrameworksBuildPhase;
			buildActionMask = 2147483647;
			files = (
			);
			runOnlyForDeploymentPostprocessing = 0;
		};
		0B42CB7E2A8025590025C65E /* Frameworks */ = {
			isa = PBXFrameworksBuildPhase;
			buildActionMask = 2147483647;
			files = (
			);
			runOnlyForDeploymentPostprocessing = 0;
		};
		0B42CB882A8025590025C65E /* Frameworks */ = {
			isa = PBXFrameworksBuildPhase;
			buildActionMask = 2147483647;
			files = (
			);
			runOnlyForDeploymentPostprocessing = 0;
		};
/* End PBXFrameworksBuildPhase section */

/* Begin PBXGroup section */
		0B42CB622A8025580025C65E = {
			isa = PBXGroup;
			children = (
				0B42CB6D2A8025580025C65E /* Murojaah Squad Challenge Feature */,
				0B42CB842A8025590025C65E /* Murojaah Squad Challenge FeatureTests */,
				0B42CB8E2A8025590025C65E /* Murojaah Squad Challenge FeatureUITests */,
				0B42CB6C2A8025580025C65E /* Products */,
			);
			sourceTree = "<group>";
		};
		0B42CB6C2A8025580025C65E /* Products */ = {
			isa = PBXGroup;
			children = (
				0B42CB6B2A8025580025C65E /* Murojaah Squad Challenge Feature.app */,
				0B42CB812A8025590025C65E /* Murojaah Squad Challenge FeatureTests.xctest */,
				0B42CB8B2A8025590025C65E /* Murojaah Squad Challenge FeatureUITests.xctest */,
			);
			name = Products;
			sourceTree = "<group>";
		};
		0B42CB6D2A8025580025C65E /* Murojaah Squad Challenge Feature */ = {
			isa = PBXGroup;
			children = (
				0B46F6632A80E485001E598B /* Helpers */,
				0B42CBA22A8028E20025C65E /* models */,
				0B42CB9F2A80278C0025C65E /* Views */,
				0B42CB9E2A8027830025C65E /* ViewModels */,
				0B42CB6E2A8025580025C65E /* Murojaah_Squad_Challenge_FeatureApp.swift */,
				0B42CB752A8025580025C65E /* ContentView.swift */,
				0B42CB772A8025590025C65E /* Assets.xcassets */,
				0B42CB792A8025590025C65E /* Murojaah_Squad_Challenge_Feature.entitlements */,
				0B42CB722A8025580025C65E /* Murojaah_Squad_Challenge_Feature.xcdatamodeld */,
				0B42CB7A2A8025590025C65E /* Preview Content */,
			);
			path = "Murojaah Squad Challenge Feature";
			sourceTree = "<group>";
		};
		0B42CB7A2A8025590025C65E /* Preview Content */ = {
			isa = PBXGroup;
			children = (
				0B42CB7B2A8025590025C65E /* Preview Assets.xcassets */,
			);
			path = "Preview Content";
			sourceTree = "<group>";
		};
		0B42CB842A8025590025C65E /* Murojaah Squad Challenge FeatureTests */ = {
			isa = PBXGroup;
			children = (
				0B42CB852A8025590025C65E /* Murojaah_Squad_Challenge_FeatureTests.swift */,
			);
			path = "Murojaah Squad Challenge FeatureTests";
			sourceTree = "<group>";
		};
		0B42CB8E2A8025590025C65E /* Murojaah Squad Challenge FeatureUITests */ = {
			isa = PBXGroup;
			children = (
				0B42CB8F2A8025590025C65E /* Murojaah_Squad_Challenge_FeatureUITests.swift */,
				0B42CB912A8025590025C65E /* Murojaah_Squad_Challenge_FeatureUITestsLaunchTests.swift */,
			);
			path = "Murojaah Squad Challenge FeatureUITests";
			sourceTree = "<group>";
		};
		0B42CB9E2A8027830025C65E /* ViewModels */ = {
			isa = PBXGroup;
			children = (
				0B46F6642A80E99B001E598B /* CoreDataViewModel */,
				0B42CBA02A8027E10025C65E /* APIViewModel.swift */,
				0B42CBA52A807AEF0025C65E /* MultipeerConnectionSession.swift */,
			);
			path = ViewModels;
			sourceTree = "<group>";
		};
		0B42CB9F2A80278C0025C65E /* Views */ = {
			isa = PBXGroup;
			children = (
				0B42CBAB2A80965E0025C65E /* PairMultipeerConnectionView.swift */,
				0B42CBAD2A80A8C70025C65E /* PreGameLobbyView.swift */,
				0B1134EA2A816241008B0408 /* GamePlayView.swift */,
			);
			path = Views;
			sourceTree = "<group>";
		};
		0B42CBA22A8028E20025C65E /* models */ = {
			isa = PBXGroup;
			children = (
				0B42CBA32A8028F80025C65E /* QuranResponseModel.swift */,
				0B42CBAF2A80C1280025C65E /* SurahQuranDetailResponseModel.swift */,
			);
			path = models;
			sourceTree = "<group>";
		};
		0B46F6632A80E485001E598B /* Helpers */ = {
			isa = PBXGroup;
			children = (
				0B46F6612A80E47F001E598B /* CoreDataManager.swift */,
			);
			path = Helpers;
			sourceTree = "<group>";
		};
		0B46F6642A80E99B001E598B /* CoreDataViewModel */ = {
			isa = PBXGroup;
			children = (
				0B46F6652A80E9BE001E598B /* GameSessionListCoreDataViewModel.swift */,
				0B46F6672A80EFF5001E598B /* RoomPlayListCoreDataViewModel.swift */,
			);
			path = CoreDataViewModel;
			sourceTree = "<group>";
		};
/* End PBXGroup section */

/* Begin PBXNativeTarget section */
		0B42CB6A2A8025580025C65E /* Murojaah Squad Challenge Feature */ = {
			isa = PBXNativeTarget;
			buildConfigurationList = 0B42CB952A8025590025C65E /* Build configuration list for PBXNativeTarget "Murojaah Squad Challenge Feature" */;
			buildPhases = (
				0B42CB672A8025580025C65E /* Sources */,
				0B42CB682A8025580025C65E /* Frameworks */,
				0B42CB692A8025580025C65E /* Resources */,
			);
			buildRules = (
			);
			dependencies = (
			);
			name = "Murojaah Squad Challenge Feature";
			productName = "Murojaah Squad Challenge Feature";
			productReference = 0B42CB6B2A8025580025C65E /* Murojaah Squad Challenge Feature.app */;
			productType = "com.apple.product-type.application";
		};
		0B42CB802A8025590025C65E /* Murojaah Squad Challenge FeatureTests */ = {
			isa = PBXNativeTarget;
			buildConfigurationList = 0B42CB982A8025590025C65E /* Build configuration list for PBXNativeTarget "Murojaah Squad Challenge FeatureTests" */;
			buildPhases = (
				0B42CB7D2A8025590025C65E /* Sources */,
				0B42CB7E2A8025590025C65E /* Frameworks */,
				0B42CB7F2A8025590025C65E /* Resources */,
			);
			buildRules = (
			);
			dependencies = (
				0B42CB832A8025590025C65E /* PBXTargetDependency */,
			);
			name = "Murojaah Squad Challenge FeatureTests";
			productName = "Murojaah Squad Challenge FeatureTests";
			productReference = 0B42CB812A8025590025C65E /* Murojaah Squad Challenge FeatureTests.xctest */;
			productType = "com.apple.product-type.bundle.unit-test";
		};
		0B42CB8A2A8025590025C65E /* Murojaah Squad Challenge FeatureUITests */ = {
			isa = PBXNativeTarget;
			buildConfigurationList = 0B42CB9B2A8025590025C65E /* Build configuration list for PBXNativeTarget "Murojaah Squad Challenge FeatureUITests" */;
			buildPhases = (
				0B42CB872A8025590025C65E /* Sources */,
				0B42CB882A8025590025C65E /* Frameworks */,
				0B42CB892A8025590025C65E /* Resources */,
			);
			buildRules = (
			);
			dependencies = (
				0B42CB8D2A8025590025C65E /* PBXTargetDependency */,
			);
			name = "Murojaah Squad Challenge FeatureUITests";
			productName = "Murojaah Squad Challenge FeatureUITests";
			productReference = 0B42CB8B2A8025590025C65E /* Murojaah Squad Challenge FeatureUITests.xctest */;
			productType = "com.apple.product-type.bundle.ui-testing";
		};
/* End PBXNativeTarget section */

/* Begin PBXProject section */
		0B42CB632A8025580025C65E /* Project object */ = {
			isa = PBXProject;
			attributes = {
				BuildIndependentTargetsInParallel = 1;
				LastSwiftUpdateCheck = 1430;
				LastUpgradeCheck = 1430;
				TargetAttributes = {
					0B42CB6A2A8025580025C65E = {
						CreatedOnToolsVersion = 14.3.1;
					};
					0B42CB802A8025590025C65E = {
						CreatedOnToolsVersion = 14.3.1;
						TestTargetID = 0B42CB6A2A8025580025C65E;
					};
					0B42CB8A2A8025590025C65E = {
						CreatedOnToolsVersion = 14.3.1;
						TestTargetID = 0B42CB6A2A8025580025C65E;
					};
				};
			};
			buildConfigurationList = 0B42CB662A8025580025C65E /* Build configuration list for PBXProject "Murojaah Squad Challenge Feature" */;
			compatibilityVersion = "Xcode 14.0";
			developmentRegion = en;
			hasScannedForEncodings = 0;
			knownRegions = (
				en,
				Base,
			);
			mainGroup = 0B42CB622A8025580025C65E;
			productRefGroup = 0B42CB6C2A8025580025C65E /* Products */;
			projectDirPath = "";
			projectRoot = "";
			targets = (
				0B42CB6A2A8025580025C65E /* Murojaah Squad Challenge Feature */,
				0B42CB802A8025590025C65E /* Murojaah Squad Challenge FeatureTests */,
				0B42CB8A2A8025590025C65E /* Murojaah Squad Challenge FeatureUITests */,
			);
		};
/* End PBXProject section */

/* Begin PBXResourcesBuildPhase section */
		0B42CB692A8025580025C65E /* Resources */ = {
			isa = PBXResourcesBuildPhase;
			buildActionMask = 2147483647;
			files = (
				0B42CB7C2A8025590025C65E /* Preview Assets.xcassets in Resources */,
				0B42CB782A8025590025C65E /* Assets.xcassets in Resources */,
			);
			runOnlyForDeploymentPostprocessing = 0;
		};
		0B42CB7F2A8025590025C65E /* Resources */ = {
			isa = PBXResourcesBuildPhase;
			buildActionMask = 2147483647;
			files = (
			);
			runOnlyForDeploymentPostprocessing = 0;
		};
		0B42CB892A8025590025C65E /* Resources */ = {
			isa = PBXResourcesBuildPhase;
			buildActionMask = 2147483647;
			files = (
			);
			runOnlyForDeploymentPostprocessing = 0;
		};
/* End PBXResourcesBuildPhase section */

/* Begin PBXSourcesBuildPhase section */
		0B42CB672A8025580025C65E /* Sources */ = {
			isa = PBXSourcesBuildPhase;
			buildActionMask = 2147483647;
			files = (
				0B46F6682A80EFF5001E598B /* RoomPlayListCoreDataViewModel.swift in Sources */,
				0B42CBA62A807AEF0025C65E /* MultipeerConnectionSession.swift in Sources */,
				0B42CBA12A8027E10025C65E /* APIViewModel.swift in Sources */,
				0B42CBA42A8028F80025C65E /* QuranResponseModel.swift in Sources */,
				0B42CB6F2A8025580025C65E /* Murojaah_Squad_Challenge_FeatureApp.swift in Sources */,
				0B42CB742A8025580025C65E /* Murojaah_Squad_Challenge_Feature.xcdatamodeld in Sources */,
				0B42CB762A8025580025C65E /* ContentView.swift in Sources */,
				0B42CBAC2A80965E0025C65E /* PairMultipeerConnectionView.swift in Sources */,
				0B42CBAE2A80A8C70025C65E /* PreGameLobbyView.swift in Sources */,
				0B46F6622A80E47F001E598B /* CoreDataManager.swift in Sources */,
				0B46F6662A80E9BE001E598B /* GameSessionListCoreDataViewModel.swift in Sources */,
				0B1134EB2A816241008B0408 /* GamePlayView.swift in Sources */,
				0B42CBB02A80C1280025C65E /* SurahQuranDetailResponseModel.swift in Sources */,
			);
			runOnlyForDeploymentPostprocessing = 0;
		};
		0B42CB7D2A8025590025C65E /* Sources */ = {
			isa = PBXSourcesBuildPhase;
			buildActionMask = 2147483647;
			files = (
				0B42CB862A8025590025C65E /* Murojaah_Squad_Challenge_FeatureTests.swift in Sources */,
			);
			runOnlyForDeploymentPostprocessing = 0;
		};
		0B42CB872A8025590025C65E /* Sources */ = {
			isa = PBXSourcesBuildPhase;
			buildActionMask = 2147483647;
			files = (
				0B42CB902A8025590025C65E /* Murojaah_Squad_Challenge_FeatureUITests.swift in Sources */,
				0B42CB922A8025590025C65E /* Murojaah_Squad_Challenge_FeatureUITestsLaunchTests.swift in Sources */,
			);
			runOnlyForDeploymentPostprocessing = 0;
		};
/* End PBXSourcesBuildPhase section */

/* Begin PBXTargetDependency section */
		0B42CB832A8025590025C65E /* PBXTargetDependency */ = {
			isa = PBXTargetDependency;
			target = 0B42CB6A2A8025580025C65E /* Murojaah Squad Challenge Feature */;
			targetProxy = 0B42CB822A8025590025C65E /* PBXContainerItemProxy */;
		};
		0B42CB8D2A8025590025C65E /* PBXTargetDependency */ = {
			isa = PBXTargetDependency;
			target = 0B42CB6A2A8025580025C65E /* Murojaah Squad Challenge Feature */;
			targetProxy = 0B42CB8C2A8025590025C65E /* PBXContainerItemProxy */;
		};
/* End PBXTargetDependency section */

/* Begin XCBuildConfiguration section */
		0B42CB932A8025590025C65E /* Debug */ = {
			isa = XCBuildConfiguration;
			buildSettings = {
				ALWAYS_SEARCH_USER_PATHS = NO;
				CLANG_ANALYZER_NONNULL = YES;
				CLANG_ANALYZER_NUMBER_OBJECT_CONVERSION = YES_AGGRESSIVE;
				CLANG_CXX_LANGUAGE_STANDARD = "gnu++20";
				CLANG_ENABLE_MODULES = YES;
				CLANG_ENABLE_OBJC_ARC = YES;
				CLANG_ENABLE_OBJC_WEAK = YES;
				CLANG_WARN_BLOCK_CAPTURE_AUTORELEASING = YES;
				CLANG_WARN_BOOL_CONVERSION = YES;
				CLANG_WARN_COMMA = YES;
				CLANG_WARN_CONSTANT_CONVERSION = YES;
				CLANG_WARN_DEPRECATED_OBJC_IMPLEMENTATIONS = YES;
				CLANG_WARN_DIRECT_OBJC_ISA_USAGE = YES_ERROR;
				CLANG_WARN_DOCUMENTATION_COMMENTS = YES;
				CLANG_WARN_EMPTY_BODY = YES;
				CLANG_WARN_ENUM_CONVERSION = YES;
				CLANG_WARN_INFINITE_RECURSION = YES;
				CLANG_WARN_INT_CONVERSION = YES;
				CLANG_WARN_NON_LITERAL_NULL_CONVERSION = YES;
				CLANG_WARN_OBJC_IMPLICIT_RETAIN_SELF = YES;
				CLANG_WARN_OBJC_LITERAL_CONVERSION = YES;
				CLANG_WARN_OBJC_ROOT_CLASS = YES_ERROR;
				CLANG_WARN_QUOTED_INCLUDE_IN_FRAMEWORK_HEADER = YES;
				CLANG_WARN_RANGE_LOOP_ANALYSIS = YES;
				CLANG_WARN_STRICT_PROTOTYPES = YES;
				CLANG_WARN_SUSPICIOUS_MOVE = YES;
				CLANG_WARN_UNGUARDED_AVAILABILITY = YES_AGGRESSIVE;
				CLANG_WARN_UNREACHABLE_CODE = YES;
				CLANG_WARN__DUPLICATE_METHOD_MATCH = YES;
				COPY_PHASE_STRIP = NO;
				DEBUG_INFORMATION_FORMAT = dwarf;
				ENABLE_STRICT_OBJC_MSGSEND = YES;
				ENABLE_TESTABILITY = YES;
				GCC_C_LANGUAGE_STANDARD = gnu11;
				GCC_DYNAMIC_NO_PIC = NO;
				GCC_NO_COMMON_BLOCKS = YES;
				GCC_OPTIMIZATION_LEVEL = 0;
				GCC_PREPROCESSOR_DEFINITIONS = (
					"DEBUG=1",
					"$(inherited)",
				);
				GCC_WARN_64_TO_32_BIT_CONVERSION = YES;
				GCC_WARN_ABOUT_RETURN_TYPE = YES_ERROR;
				GCC_WARN_UNDECLARED_SELECTOR = YES;
				GCC_WARN_UNINITIALIZED_AUTOS = YES_AGGRESSIVE;
				GCC_WARN_UNUSED_FUNCTION = YES;
				GCC_WARN_UNUSED_VARIABLE = YES;
				MTL_ENABLE_DEBUG_INFO = INCLUDE_SOURCE;
				MTL_FAST_MATH = YES;
				ONLY_ACTIVE_ARCH = YES;
				SWIFT_ACTIVE_COMPILATION_CONDITIONS = DEBUG;
				SWIFT_OPTIMIZATION_LEVEL = "-Onone";
			};
			name = Debug;
		};
		0B42CB942A8025590025C65E /* Release */ = {
			isa = XCBuildConfiguration;
			buildSettings = {
				ALWAYS_SEARCH_USER_PATHS = NO;
				CLANG_ANALYZER_NONNULL = YES;
				CLANG_ANALYZER_NUMBER_OBJECT_CONVERSION = YES_AGGRESSIVE;
				CLANG_CXX_LANGUAGE_STANDARD = "gnu++20";
				CLANG_ENABLE_MODULES = YES;
				CLANG_ENABLE_OBJC_ARC = YES;
				CLANG_ENABLE_OBJC_WEAK = YES;
				CLANG_WARN_BLOCK_CAPTURE_AUTORELEASING = YES;
				CLANG_WARN_BOOL_CONVERSION = YES;
				CLANG_WARN_COMMA = YES;
				CLANG_WARN_CONSTANT_CONVERSION = YES;
				CLANG_WARN_DEPRECATED_OBJC_IMPLEMENTATIONS = YES;
				CLANG_WARN_DIRECT_OBJC_ISA_USAGE = YES_ERROR;
				CLANG_WARN_DOCUMENTATION_COMMENTS = YES;
				CLANG_WARN_EMPTY_BODY = YES;
				CLANG_WARN_ENUM_CONVERSION = YES;
				CLANG_WARN_INFINITE_RECURSION = YES;
				CLANG_WARN_INT_CONVERSION = YES;
				CLANG_WARN_NON_LITERAL_NULL_CONVERSION = YES;
				CLANG_WARN_OBJC_IMPLICIT_RETAIN_SELF = YES;
				CLANG_WARN_OBJC_LITERAL_CONVERSION = YES;
				CLANG_WARN_OBJC_ROOT_CLASS = YES_ERROR;
				CLANG_WARN_QUOTED_INCLUDE_IN_FRAMEWORK_HEADER = YES;
				CLANG_WARN_RANGE_LOOP_ANALYSIS = YES;
				CLANG_WARN_STRICT_PROTOTYPES = YES;
				CLANG_WARN_SUSPICIOUS_MOVE = YES;
				CLANG_WARN_UNGUARDED_AVAILABILITY = YES_AGGRESSIVE;
				CLANG_WARN_UNREACHABLE_CODE = YES;
				CLANG_WARN__DUPLICATE_METHOD_MATCH = YES;
				COPY_PHASE_STRIP = NO;
				DEBUG_INFORMATION_FORMAT = "dwarf-with-dsym";
				ENABLE_NS_ASSERTIONS = NO;
				ENABLE_STRICT_OBJC_MSGSEND = YES;
				GCC_C_LANGUAGE_STANDARD = gnu11;
				GCC_NO_COMMON_BLOCKS = YES;
				GCC_WARN_64_TO_32_BIT_CONVERSION = YES;
				GCC_WARN_ABOUT_RETURN_TYPE = YES_ERROR;
				GCC_WARN_UNDECLARED_SELECTOR = YES;
				GCC_WARN_UNINITIALIZED_AUTOS = YES_AGGRESSIVE;
				GCC_WARN_UNUSED_FUNCTION = YES;
				GCC_WARN_UNUSED_VARIABLE = YES;
				MTL_ENABLE_DEBUG_INFO = NO;
				MTL_FAST_MATH = YES;
				SWIFT_COMPILATION_MODE = wholemodule;
				SWIFT_OPTIMIZATION_LEVEL = "-O";
			};
			name = Release;
		};
		0B42CB962A8025590025C65E /* Debug */ = {
			isa = XCBuildConfiguration;
			buildSettings = {
				ASSETCATALOG_COMPILER_APPICON_NAME = AppIcon;
				ASSETCATALOG_COMPILER_GLOBAL_ACCENT_COLOR_NAME = AccentColor;
				CODE_SIGN_ENTITLEMENTS = "Murojaah Squad Challenge Feature/Murojaah_Squad_Challenge_Feature.entitlements";
				CODE_SIGN_STYLE = Automatic;
				CURRENT_PROJECT_VERSION = 1;
				DEVELOPMENT_ASSET_PATHS = "\"Murojaah Squad Challenge Feature/Preview Content\"";
				DEVELOPMENT_TEAM = 6YX78LK26M;
				ENABLE_HARDENED_RUNTIME = YES;
				ENABLE_PREVIEWS = YES;
				GENERATE_INFOPLIST_FILE = YES;
				"INFOPLIST_KEY_UIApplicationSceneManifest_Generation[sdk=iphoneos*]" = YES;
				"INFOPLIST_KEY_UIApplicationSceneManifest_Generation[sdk=iphonesimulator*]" = YES;
				"INFOPLIST_KEY_UIApplicationSupportsIndirectInputEvents[sdk=iphoneos*]" = YES;
				"INFOPLIST_KEY_UIApplicationSupportsIndirectInputEvents[sdk=iphonesimulator*]" = YES;
				"INFOPLIST_KEY_UILaunchScreen_Generation[sdk=iphoneos*]" = YES;
				"INFOPLIST_KEY_UILaunchScreen_Generation[sdk=iphonesimulator*]" = YES;
				"INFOPLIST_KEY_UIStatusBarStyle[sdk=iphoneos*]" = UIStatusBarStyleDefault;
				"INFOPLIST_KEY_UIStatusBarStyle[sdk=iphonesimulator*]" = UIStatusBarStyleDefault;
				INFOPLIST_KEY_UISupportedInterfaceOrientations_iPad = "UIInterfaceOrientationPortrait UIInterfaceOrientationPortraitUpsideDown UIInterfaceOrientationLandscapeLeft UIInterfaceOrientationLandscapeRight";
				INFOPLIST_KEY_UISupportedInterfaceOrientations_iPhone = "UIInterfaceOrientationPortrait UIInterfaceOrientationLandscapeLeft UIInterfaceOrientationLandscapeRight";
				IPHONEOS_DEPLOYMENT_TARGET = 16.4;
				LD_RUNPATH_SEARCH_PATHS = "@executable_path/Frameworks";
				"LD_RUNPATH_SEARCH_PATHS[sdk=macosx*]" = "@executable_path/../Frameworks";
				MACOSX_DEPLOYMENT_TARGET = 13.3;
				MARKETING_VERSION = 1.0;
				PRODUCT_BUNDLE_IDENTIFIER = "com.zizah.Murojaah-Squad-Challenge-Feature";
				PRODUCT_NAME = "$(TARGET_NAME)";
				SDKROOT = auto;
				SUPPORTED_PLATFORMS = "iphoneos iphonesimulator macosx";
				SWIFT_EMIT_LOC_STRINGS = YES;
				SWIFT_VERSION = 5.0;
				TARGETED_DEVICE_FAMILY = "1,2";
			};
			name = Debug;
		};
		0B42CB972A8025590025C65E /* Release */ = {
			isa = XCBuildConfiguration;
			buildSettings = {
				ASSETCATALOG_COMPILER_APPICON_NAME = AppIcon;
				ASSETCATALOG_COMPILER_GLOBAL_ACCENT_COLOR_NAME = AccentColor;
				CODE_SIGN_ENTITLEMENTS = "Murojaah Squad Challenge Feature/Murojaah_Squad_Challenge_Feature.entitlements";
				CODE_SIGN_STYLE = Automatic;
				CURRENT_PROJECT_VERSION = 1;
				DEVELOPMENT_ASSET_PATHS = "\"Murojaah Squad Challenge Feature/Preview Content\"";
				DEVELOPMENT_TEAM = 6YX78LK26M;
				ENABLE_HARDENED_RUNTIME = YES;
				ENABLE_PREVIEWS = YES;
				GENERATE_INFOPLIST_FILE = YES;
				"INFOPLIST_KEY_UIApplicationSceneManifest_Generation[sdk=iphoneos*]" = YES;
				"INFOPLIST_KEY_UIApplicationSceneManifest_Generation[sdk=iphonesimulator*]" = YES;
				"INFOPLIST_KEY_UIApplicationSupportsIndirectInputEvents[sdk=iphoneos*]" = YES;
				"INFOPLIST_KEY_UIApplicationSupportsIndirectInputEvents[sdk=iphonesimulator*]" = YES;
				"INFOPLIST_KEY_UILaunchScreen_Generation[sdk=iphoneos*]" = YES;
				"INFOPLIST_KEY_UILaunchScreen_Generation[sdk=iphonesimulator*]" = YES;
				"INFOPLIST_KEY_UIStatusBarStyle[sdk=iphoneos*]" = UIStatusBarStyleDefault;
				"INFOPLIST_KEY_UIStatusBarStyle[sdk=iphonesimulator*]" = UIStatusBarStyleDefault;
				INFOPLIST_KEY_UISupportedInterfaceOrientations_iPad = "UIInterfaceOrientationPortrait UIInterfaceOrientationPortraitUpsideDown UIInterfaceOrientationLandscapeLeft UIInterfaceOrientationLandscapeRight";
				INFOPLIST_KEY_UISupportedInterfaceOrientations_iPhone = "UIInterfaceOrientationPortrait UIInterfaceOrientationLandscapeLeft UIInterfaceOrientationLandscapeRight";
				IPHONEOS_DEPLOYMENT_TARGET = 16.4;
				LD_RUNPATH_SEARCH_PATHS = "@executable_path/Frameworks";
				"LD_RUNPATH_SEARCH_PATHS[sdk=macosx*]" = "@executable_path/../Frameworks";
				MACOSX_DEPLOYMENT_TARGET = 13.3;
				MARKETING_VERSION = 1.0;
				PRODUCT_BUNDLE_IDENTIFIER = "com.zizah.Murojaah-Squad-Challenge-Feature";
				PRODUCT_NAME = "$(TARGET_NAME)";
				SDKROOT = auto;
				SUPPORTED_PLATFORMS = "iphoneos iphonesimulator macosx";
				SWIFT_EMIT_LOC_STRINGS = YES;
				SWIFT_VERSION = 5.0;
				TARGETED_DEVICE_FAMILY = "1,2";
			};
			name = Release;
		};
		0B42CB992A8025590025C65E /* Debug */ = {
			isa = XCBuildConfiguration;
			buildSettings = {
				ALWAYS_EMBED_SWIFT_STANDARD_LIBRARIES = YES;
				BUNDLE_LOADER = "$(TEST_HOST)";
				CODE_SIGN_STYLE = Automatic;
				CURRENT_PROJECT_VERSION = 1;
				DEVELOPMENT_TEAM = 6YX78LK26M;
				GENERATE_INFOPLIST_FILE = YES;
				IPHONEOS_DEPLOYMENT_TARGET = 16.4;
				MACOSX_DEPLOYMENT_TARGET = 13.3;
				MARKETING_VERSION = 1.0;
				PRODUCT_BUNDLE_IDENTIFIER = "com.zizah.Murojaah-Squad-Challenge-FeatureTests";
				PRODUCT_NAME = "$(TARGET_NAME)";
				SDKROOT = auto;
				SUPPORTED_PLATFORMS = "iphoneos iphonesimulator macosx";
				SWIFT_EMIT_LOC_STRINGS = NO;
				SWIFT_VERSION = 5.0;
				TARGETED_DEVICE_FAMILY = "1,2";
				TEST_HOST = "$(BUILT_PRODUCTS_DIR)/Murojaah Squad Challenge Feature.app/$(BUNDLE_EXECUTABLE_FOLDER_PATH)/Murojaah Squad Challenge Feature";
			};
			name = Debug;
		};
		0B42CB9A2A8025590025C65E /* Release */ = {
			isa = XCBuildConfiguration;
			buildSettings = {
				ALWAYS_EMBED_SWIFT_STANDARD_LIBRARIES = YES;
				BUNDLE_LOADER = "$(TEST_HOST)";
				CODE_SIGN_STYLE = Automatic;
				CURRENT_PROJECT_VERSION = 1;
				DEVELOPMENT_TEAM = 6YX78LK26M;
				GENERATE_INFOPLIST_FILE = YES;
				IPHONEOS_DEPLOYMENT_TARGET = 16.4;
				MACOSX_DEPLOYMENT_TARGET = 13.3;
				MARKETING_VERSION = 1.0;
				PRODUCT_BUNDLE_IDENTIFIER = "com.zizah.Murojaah-Squad-Challenge-FeatureTests";
				PRODUCT_NAME = "$(TARGET_NAME)";
				SDKROOT = auto;
				SUPPORTED_PLATFORMS = "iphoneos iphonesimulator macosx";
				SWIFT_EMIT_LOC_STRINGS = NO;
				SWIFT_VERSION = 5.0;
				TARGETED_DEVICE_FAMILY = "1,2";
				TEST_HOST = "$(BUILT_PRODUCTS_DIR)/Murojaah Squad Challenge Feature.app/$(BUNDLE_EXECUTABLE_FOLDER_PATH)/Murojaah Squad Challenge Feature";
			};
			name = Release;
		};
		0B42CB9C2A8025590025C65E /* Debug */ = {
			isa = XCBuildConfiguration;
			buildSettings = {
				ALWAYS_EMBED_SWIFT_STANDARD_LIBRARIES = YES;
				CODE_SIGN_STYLE = Automatic;
				CURRENT_PROJECT_VERSION = 1;
				DEVELOPMENT_TEAM = 6YX78LK26M;
				GENERATE_INFOPLIST_FILE = YES;
				IPHONEOS_DEPLOYMENT_TARGET = 16.4;
				MACOSX_DEPLOYMENT_TARGET = 13.3;
				MARKETING_VERSION = 1.0;
				PRODUCT_BUNDLE_IDENTIFIER = "com.zizah.Murojaah-Squad-Challenge-FeatureUITests";
				PRODUCT_NAME = "$(TARGET_NAME)";
				SDKROOT = auto;
				SUPPORTED_PLATFORMS = "iphoneos iphonesimulator macosx";
				SWIFT_EMIT_LOC_STRINGS = NO;
				SWIFT_VERSION = 5.0;
				TARGETED_DEVICE_FAMILY = "1,2";
				TEST_TARGET_NAME = "Murojaah Squad Challenge Feature";
			};
			name = Debug;
		};
		0B42CB9D2A8025590025C65E /* Release */ = {
			isa = XCBuildConfiguration;
			buildSettings = {
				ALWAYS_EMBED_SWIFT_STANDARD_LIBRARIES = YES;
				CODE_SIGN_STYLE = Automatic;
				CURRENT_PROJECT_VERSION = 1;
				DEVELOPMENT_TEAM = 6YX78LK26M;
				GENERATE_INFOPLIST_FILE = YES;
				IPHONEOS_DEPLOYMENT_TARGET = 16.4;
				MACOSX_DEPLOYMENT_TARGET = 13.3;
				MARKETING_VERSION = 1.0;
				PRODUCT_BUNDLE_IDENTIFIER = "com.zizah.Murojaah-Squad-Challenge-FeatureUITests";
				PRODUCT_NAME = "$(TARGET_NAME)";
				SDKROOT = auto;
				SUPPORTED_PLATFORMS = "iphoneos iphonesimulator macosx";
				SWIFT_EMIT_LOC_STRINGS = NO;
				SWIFT_VERSION = 5.0;
				TARGETED_DEVICE_FAMILY = "1,2";
				TEST_TARGET_NAME = "Murojaah Squad Challenge Feature";
			};
			name = Release;
		};
/* End XCBuildConfiguration section */

/* Begin XCConfigurationList section */
		0B42CB662A8025580025C65E /* Build configuration list for PBXProject "Murojaah Squad Challenge Feature" */ = {
			isa = XCConfigurationList;
			buildConfigurations = (
				0B42CB932A8025590025C65E /* Debug */,
				0B42CB942A8025590025C65E /* Release */,
			);
			defaultConfigurationIsVisible = 0;
			defaultConfigurationName = Release;
		};
		0B42CB952A8025590025C65E /* Build configuration list for PBXNativeTarget "Murojaah Squad Challenge Feature" */ = {
			isa = XCConfigurationList;
			buildConfigurations = (
				0B42CB962A8025590025C65E /* Debug */,
				0B42CB972A8025590025C65E /* Release */,
			);
			defaultConfigurationIsVisible = 0;
			defaultConfigurationName = Release;
		};
		0B42CB982A8025590025C65E /* Build configuration list for PBXNativeTarget "Murojaah Squad Challenge FeatureTests" */ = {
			isa = XCConfigurationList;
			buildConfigurations = (
				0B42CB992A8025590025C65E /* Debug */,
				0B42CB9A2A8025590025C65E /* Release */,
			);
			defaultConfigurationIsVisible = 0;
			defaultConfigurationName = Release;
		};
		0B42CB9B2A8025590025C65E /* Build configuration list for PBXNativeTarget "Murojaah Squad Challenge FeatureUITests" */ = {
			isa = XCConfigurationList;
			buildConfigurations = (
				0B42CB9C2A8025590025C65E /* Debug */,
				0B42CB9D2A8025590025C65E /* Release */,
			);
			defaultConfigurationIsVisible = 0;
			defaultConfigurationName = Release;
		};
/* End XCConfigurationList section */

/* Begin XCVersionGroup section */
		0B42CB722A8025580025C65E /* Murojaah_Squad_Challenge_Feature.xcdatamodeld */ = {
			isa = XCVersionGroup;
			children = (
				0B42CB732A8025580025C65E /* Murojaah_Squad_Challenge_Feature.xcdatamodel */,
			);
			currentVersion = 0B42CB732A8025580025C65E /* Murojaah_Squad_Challenge_Feature.xcdatamodel */;
			path = Murojaah_Squad_Challenge_Feature.xcdatamodeld;
			sourceTree = "<group>";
			versionGroupType = wrapper.xcdatamodel;
		};
/* End XCVersionGroup section */
	};
	rootObject = 0B42CB632A8025580025C65E /* Project object */;
}
